
Microsoft Visual Studio Solution File, Format Version 11.00
# Visual Studio 2010
Project("{8BC9CEB8-8B4A-11D0-8D11-00A0C91BC942}") = "t1master", "t1master.vcxproj", "{02E91AD4-9428-4476-97F6-8E1D0CD1DD65}"
EndProject
Global
	GlobalSection(SolutionConfigurationPlatforms) = preSolution
		Debug|Win32 = Debug|Win32
		Release|Win32 = Release|Win32
	EndGlobalSection
	GlobalSection(ProjectConfigurationPlatforms) = postSolution
		{02E91AD4-9428-4476-97F6-8E1D0CD1DD65}.Debug|Win32.ActiveCfg = Debug|Win32
		{02E91AD4-9428-4476-97F6-8E1D0CD1DD65}.Debug|Win32.Build.0 = Debug|Win32
		{02E91AD4-9428-4476-97F6-8E1D0CD1DD65}.Release|Win32.ActiveCfg = Release|Win32
		{02E91AD4-9428-4476-97F6-8E1D0CD1DD65}.Release|Win32.Build.0 = Release|Win32
	EndGlobalSection
	GlobalSection(SolutionProperties) = preSolution
		HideSolutionNode = FALSE
	EndGlobalSection
EndGlobal
